
Microsoft Visual Studio Solution File, Format Version 12.00
# Visual Studio 15
VisualStudioVersion = 15.0.28307.1145
MinimumVisualStudioVersion = 10.0.40219.1
Project("{FAE04EC0-301F-11D3-BF4B-00C04F79EFBC}") = "Super_shop_Customer", "Super_shop_Customer\Super_shop_Customer.csproj", "{5968A4E1-5352-4D18-80B7-6F3B8AB80BF8}"
EndProject
Global
	GlobalSection(SolutionConfigurationPlatforms) = preSolution
		Debug|Any CPU = Debug|Any CPU
		Release|Any CPU = Release|Any CPU
	EndGlobalSection
	GlobalSection(ProjectConfigurationPlatforms) = postSolution
		{5968A4E1-5352-4D18-80B7-6F3B8AB80BF8}.Debug|Any CPU.ActiveCfg = Debug|Any CPU
		{5968A4E1-5352-4D18-80B7-6F3B8AB80BF8}.Debug|Any CPU.Build.0 = Debug|Any CPU
		{5968A4E1-5352-4D18-80B7-6F3B8AB80BF8}.Release|Any CPU.ActiveCfg = Release|Any CPU
		{5968A4E1-5352-4D18-80B7-6F3B8AB80BF8}.Release|Any CPU.Build.0 = Release|Any CPU
	EndGlobalSection
	GlobalSection(SolutionProperties) = preSolution
		HideSolutionNode = FALSE
	EndGlobalSection
	GlobalSection(ExtensibilityGlobals) = postSolution
		SolutionGuid = {8F2022E9-7756-4A60-BC30-590170AB07B6}
	EndGlobalSection
EndGlobal
